// !$*UTF8*$!
{
	archiveVersion = 1;
	classes = {
	};
	objectVersion = 46;
	objects = {

/* Begin PBXBuildFile section */
		784E3B781D64F1A7004431A1 /* PlayerView.swift in Sources */ = {isa = PBXBuildFile; fileRef = 784E3B771D64F1A7004431A1 /* PlayerView.swift */; };
		784E3B791D65DDF5004431A1 /* Constants.swift in Sources */ = {isa = PBXBuildFile; fileRef = 785CDD371D13947F00B4CDF3 /* Constants.swift */; };
		785315BE1D10312700549478 /* AppDelegate.swift in Sources */ = {isa = PBXBuildFile; fileRef = 785315BD1D10312700549478 /* AppDelegate.swift */; };
		785315C01D10312700549478 /* ViewController.swift in Sources */ = {isa = PBXBuildFile; fileRef = 785315BF1D10312700549478 /* ViewController.swift */; };
		785315C31D10312700549478 /* Main.storyboard in Resources */ = {isa = PBXBuildFile; fileRef = 785315C11D10312700549478 /* Main.storyboard */; };
		785315C51D10312700549478 /* Assets.xcassets in Resources */ = {isa = PBXBuildFile; fileRef = 785315C41D10312700549478 /* Assets.xcassets */; };
		785315C81D10312700549478 /* LaunchScreen.storyboard in Resources */ = {isa = PBXBuildFile; fileRef = 785315C61D10312700549478 /* LaunchScreen.storyboard */; };
		785CDD381D13947F00B4CDF3 /* Constants.swift in Sources */ = {isa = PBXBuildFile; fileRef = 785CDD371D13947F00B4CDF3 /* Constants.swift */; };
		785CDD411D13C7BF00B4CDF3 /* UserNotifications.framework in Frameworks */ = {isa = PBXBuildFile; fileRef = 785CDD401D13C7BF00B4CDF3 /* UserNotifications.framework */; };
		785CDD431D13C7BF00B4CDF3 /* UserNotificationsUI.framework in Frameworks */ = {isa = PBXBuildFile; fileRef = 785CDD421D13C7BF00B4CDF3 /* UserNotificationsUI.framework */; };
		785CDD461D13C7BF00B4CDF3 /* NotificationViewController.swift in Sources */ = {isa = PBXBuildFile; fileRef = 785CDD451D13C7BF00B4CDF3 /* NotificationViewController.swift */; };
		785CDD491D13C7BF00B4CDF3 /* MainInterface.storyboard in Resources */ = {isa = PBXBuildFile; fileRef = 785CDD471D13C7BF00B4CDF3 /* MainInterface.storyboard */; };
		785CDD4D1D13C7BF00B4CDF3 /* NotificationViewController.appex in Embed App Extensions */ = {isa = PBXBuildFile; fileRef = 785CDD3E1D13C7BF00B4CDF3 /* NotificationViewController.appex */; settings = {ATTRIBUTES = (RemoveHeadersOnCopy, ); }; };
		785CDD521D14634400B4CDF3 /* URLSession+NotificationsDemo.swift in Sources */ = {isa = PBXBuildFile; fileRef = 785CDD511D14634400B4CDF3 /* URLSession+NotificationsDemo.swift */; };
		785CDD531D1475A300B4CDF3 /* Constants.swift in Sources */ = {isa = PBXBuildFile; fileRef = 785CDD371D13947F00B4CDF3 /* Constants.swift */; };
		785CDD541D1475BE00B4CDF3 /* URLSession+NotificationsDemo.swift in Sources */ = {isa = PBXBuildFile; fileRef = 785CDD511D14634400B4CDF3 /* URLSession+NotificationsDemo.swift */; };
		78E4BD811D5B76AD007579BB /* UserNotifications.framework in Frameworks */ = {isa = PBXBuildFile; fileRef = 785CDD401D13C7BF00B4CDF3 /* UserNotifications.framework */; };
		78E4BD821D5B76AD007579BB /* UserNotificationsUI.framework in Frameworks */ = {isa = PBXBuildFile; fileRef = 785CDD421D13C7BF00B4CDF3 /* UserNotificationsUI.framework */; };
		78E4BD851D5B76AD007579BB /* AnimatedNotificationViewController.swift in Sources */ = {isa = PBXBuildFile; fileRef = 78E4BD841D5B76AD007579BB /* AnimatedNotificationViewController.swift */; };
		78E4BD881D5B76AD007579BB /* AnimatedMainInterface.storyboard in Resources */ = {isa = PBXBuildFile; fileRef = 78E4BD861D5B76AD007579BB /* AnimatedMainInterface.storyboard */; };
		78E4BD8C1D5B76AD007579BB /* VideoContentNotification.appex in Embed App Extensions */ = {isa = PBXBuildFile; fileRef = 78E4BD801D5B76AD007579BB /* VideoContentNotification.appex */; settings = {ATTRIBUTES = (RemoveHeadersOnCopy, ); }; };
		78E4BD911D5BA46C007579BB /* will.mov in Resources */ = {isa = PBXBuildFile; fileRef = 78E4BD901D5BA46C007579BB /* will.mov */; };
		78EA75821D5C0F05008B8893 /* testing.m4a in Resources */ = {isa = PBXBuildFile; fileRef = 78E4BD921D5C0D33007579BB /* testing.m4a */; };
		78F606841D175462003E72B1 /* datboi.gif in Resources */ = {isa = PBXBuildFile; fileRef = 78F606821D175462003E72B1 /* datboi.gif */; };
		78F606851D175462003E72B1 /* datboi.gif in Resources */ = {isa = PBXBuildFile; fileRef = 78F606821D175462003E72B1 /* datboi.gif */; };
		78F606861D175462003E72B1 /* datboi.png in Resources */ = {isa = PBXBuildFile; fileRef = 78F606831D175462003E72B1 /* datboi.png */; };
		78F606871D175462003E72B1 /* datboi.png in Resources */ = {isa = PBXBuildFile; fileRef = 78F606831D175462003E72B1 /* datboi.png */; };
/* End PBXBuildFile section */

/* Begin PBXContainerItemProxy section */
		785CDD4B1D13C7BF00B4CDF3 /* PBXContainerItemProxy */ = {
			isa = PBXContainerItemProxy;
			containerPortal = 785315B21D10312700549478 /* Project object */;
			proxyType = 1;
			remoteGlobalIDString = 785CDD3D1D13C7BF00B4CDF3;
			remoteInfo = NotificationViewController;
		};
		78E4BD8A1D5B76AD007579BB /* PBXContainerItemProxy */ = {
			isa = PBXContainerItemProxy;
			containerPortal = 785315B21D10312700549478 /* Project object */;
			proxyType = 1;
			remoteGlobalIDString = 78E4BD7F1D5B76AD007579BB;
			remoteInfo = VideoContentNotification;
		};
/* End PBXContainerItemProxy section */

/* Begin PBXCopyFilesBuildPhase section */
		787D11A41D12FEAD009A7819 /* Embed App Extensions */ = {
			isa = PBXCopyFilesBuildPhase;
			buildActionMask = 2147483647;
			dstPath = "";
			dstSubfolderSpec = 13;
			files = (
				785CDD4D1D13C7BF00B4CDF3 /* NotificationViewController.appex in Embed App Extensions */,
				78E4BD8C1D5B76AD007579BB /* VideoContentNotification.appex in Embed App Extensions */,
			);
			name = "Embed App Extensions";
			runOnlyForDeploymentPostprocessing = 0;
		};
/* End PBXCopyFilesBuildPhase section */

/* Begin PBXFileReference section */
		784E3B771D64F1A7004431A1 /* PlayerView.swift */ = {isa = PBXFileReference; fileEncoding = 4; lastKnownFileType = sourcecode.swift; path = PlayerView.swift; sourceTree = "<group>"; };
		785315BA1D10312700549478 /* NotificationsDemo.app */ = {isa = PBXFileReference; explicitFileType = wrapper.application; includeInIndex = 0; path = NotificationsDemo.app; sourceTree = BUILT_PRODUCTS_DIR; };
		785315BD1D10312700549478 /* AppDelegate.swift */ = {isa = PBXFileReference; lastKnownFileType = sourcecode.swift; path = AppDelegate.swift; sourceTree = "<group>"; };
		785315BF1D10312700549478 /* ViewController.swift */ = {isa = PBXFileReference; lastKnownFileType = sourcecode.swift; path = ViewController.swift; sourceTree = "<group>"; };
		785315C21D10312700549478 /* Base */ = {isa = PBXFileReference; lastKnownFileType = file.storyboard; name = Base; path = Base.lproj/Main.storyboard; sourceTree = "<group>"; };
		785315C41D10312700549478 /* Assets.xcassets */ = {isa = PBXFileReference; lastKnownFileType = folder.assetcatalog; path = Assets.xcassets; sourceTree = "<group>"; };
		785315C71D10312700549478 /* Base */ = {isa = PBXFileReference; lastKnownFileType = file.storyboard; name = Base; path = Base.lproj/LaunchScreen.storyboard; sourceTree = "<group>"; };
		785315C91D10312700549478 /* Info.plist */ = {isa = PBXFileReference; lastKnownFileType = text.plist.xml; path = Info.plist; sourceTree = "<group>"; };
		785CDD371D13947F00B4CDF3 /* Constants.swift */ = {isa = PBXFileReference; fileEncoding = 4; lastKnownFileType = sourcecode.swift; path = Constants.swift; sourceTree = "<group>"; };
		785CDD3E1D13C7BF00B4CDF3 /* NotificationViewController.appex */ = {isa = PBXFileReference; explicitFileType = "wrapper.app-extension"; includeInIndex = 0; path = NotificationViewController.appex; sourceTree = BUILT_PRODUCTS_DIR; };
		785CDD401D13C7BF00B4CDF3 /* UserNotifications.framework */ = {isa = PBXFileReference; lastKnownFileType = wrapper.framework; name = UserNotifications.framework; path = System/Library/Frameworks/UserNotifications.framework; sourceTree = SDKROOT; };
		785CDD421D13C7BF00B4CDF3 /* UserNotificationsUI.framework */ = {isa = PBXFileReference; lastKnownFileType = wrapper.framework; name = UserNotificationsUI.framework; path = System/Library/Frameworks/UserNotificationsUI.framework; sourceTree = SDKROOT; };
		785CDD451D13C7BF00B4CDF3 /* NotificationViewController.swift */ = {isa = PBXFileReference; lastKnownFileType = sourcecode.swift; path = NotificationViewController.swift; sourceTree = "<group>"; };
		785CDD481D13C7BF00B4CDF3 /* Base */ = {isa = PBXFileReference; lastKnownFileType = file.storyboard; name = Base; path = Base.lproj/MainInterface.storyboard; sourceTree = "<group>"; };
		785CDD4A1D13C7BF00B4CDF3 /* Info.plist */ = {isa = PBXFileReference; lastKnownFileType = text.plist.xml; path = Info.plist; sourceTree = "<group>"; };
		785CDD511D14634400B4CDF3 /* URLSession+NotificationsDemo.swift */ = {isa = PBXFileReference; fileEncoding = 4; lastKnownFileType = sourcecode.swift; path = "URLSession+NotificationsDemo.swift"; sourceTree = "<group>"; };
		78E4BD801D5B76AD007579BB /* VideoContentNotification.appex */ = {isa = PBXFileReference; explicitFileType = "wrapper.app-extension"; includeInIndex = 0; path = VideoContentNotification.appex; sourceTree = BUILT_PRODUCTS_DIR; };
		78E4BD841D5B76AD007579BB /* AnimatedNotificationViewController.swift */ = {isa = PBXFileReference; lastKnownFileType = sourcecode.swift; path = AnimatedNotificationViewController.swift; sourceTree = "<group>"; };
		78E4BD871D5B76AD007579BB /* Base */ = {isa = PBXFileReference; lastKnownFileType = file.storyboard; name = Base; path = Base.lproj/AnimatedMainInterface.storyboard; sourceTree = "<group>"; };
		78E4BD891D5B76AD007579BB /* Info.plist */ = {isa = PBXFileReference; lastKnownFileType = text.plist.xml; path = Info.plist; sourceTree = "<group>"; };
		78E4BD901D5BA46C007579BB /* will.mov */ = {isa = PBXFileReference; lastKnownFileType = video.quicktime; path = will.mov; sourceTree = "<group>"; };
		78E4BD921D5C0D33007579BB /* testing.m4a */ = {isa = PBXFileReference; lastKnownFileType = file; path = testing.m4a; sourceTree = "<group>"; };
		78F606821D175462003E72B1 /* datboi.gif */ = {isa = PBXFileReference; lastKnownFileType = image.gif; name = datboi.gif; path = NotificationsDemo/datboi.gif; sourceTree = "<group>"; };
		78F606831D175462003E72B1 /* datboi.png */ = {isa = PBXFileReference; lastKnownFileType = image.png; name = datboi.png; path = NotificationsDemo/datboi.png; sourceTree = "<group>"; };
/* End PBXFileReference section */

/* Begin PBXFrameworksBuildPhase section */
		785315B71D10312700549478 /* Frameworks */ = {
			isa = PBXFrameworksBuildPhase;
			buildActionMask = 2147483647;
			files = (
			);
			runOnlyForDeploymentPostprocessing = 0;
		};
		785CDD3B1D13C7BF00B4CDF3 /* Frameworks */ = {
			isa = PBXFrameworksBuildPhase;
			buildActionMask = 2147483647;
			files = (
				785CDD431D13C7BF00B4CDF3 /* UserNotificationsUI.framework in Frameworks */,
				785CDD411D13C7BF00B4CDF3 /* UserNotifications.framework in Frameworks */,
			);
			runOnlyForDeploymentPostprocessing = 0;
		};
		78E4BD7D1D5B76AD007579BB /* Frameworks */ = {
			isa = PBXFrameworksBuildPhase;
			buildActionMask = 2147483647;
			files = (
				78E4BD821D5B76AD007579BB /* UserNotificationsUI.framework in Frameworks */,
				78E4BD811D5B76AD007579BB /* UserNotifications.framework in Frameworks */,
			);
			runOnlyForDeploymentPostprocessing = 0;
		};
/* End PBXFrameworksBuildPhase section */

/* Begin PBXGroup section */
		785315B11D10312700549478 = {
			isa = PBXGroup;
			children = (
				78F6067D1D174018003E72B1 /* Resources */,
				785315BC1D10312700549478 /* NotificationsDemo */,
				785CDD441D13C7BF00B4CDF3 /* NotificationViewController */,
				78E4BD831D5B76AD007579BB /* VideoContentNotification */,
				785CDD3F1D13C7BF00B4CDF3 /* Frameworks */,
				785315BB1D10312700549478 /* Products */,
			);
			sourceTree = "<group>";
		};
		785315BB1D10312700549478 /* Products */ = {
			isa = PBXGroup;
			children = (
				785315BA1D10312700549478 /* NotificationsDemo.app */,
				785CDD3E1D13C7BF00B4CDF3 /* NotificationViewController.appex */,
				78E4BD801D5B76AD007579BB /* VideoContentNotification.appex */,
			);
			name = Products;
			sourceTree = "<group>";
		};
		785315BC1D10312700549478 /* NotificationsDemo */ = {
			isa = PBXGroup;
			children = (
				785315BD1D10312700549478 /* AppDelegate.swift */,
				785315BF1D10312700549478 /* ViewController.swift */,
				785315C11D10312700549478 /* Main.storyboard */,
				785315C41D10312700549478 /* Assets.xcassets */,
				785315C61D10312700549478 /* LaunchScreen.storyboard */,
				785315C91D10312700549478 /* Info.plist */,
				785CDD371D13947F00B4CDF3 /* Constants.swift */,
				785CDD511D14634400B4CDF3 /* URLSession+NotificationsDemo.swift */,
			);
			path = NotificationsDemo;
			sourceTree = "<group>";
		};
		785CDD3F1D13C7BF00B4CDF3 /* Frameworks */ = {
			isa = PBXGroup;
			children = (
				785CDD401D13C7BF00B4CDF3 /* UserNotifications.framework */,
				785CDD421D13C7BF00B4CDF3 /* UserNotificationsUI.framework */,
			);
			name = Frameworks;
			sourceTree = "<group>";
		};
		785CDD441D13C7BF00B4CDF3 /* NotificationViewController */ = {
			isa = PBXGroup;
			children = (
				785CDD451D13C7BF00B4CDF3 /* NotificationViewController.swift */,
				785CDD471D13C7BF00B4CDF3 /* MainInterface.storyboard */,
				785CDD4A1D13C7BF00B4CDF3 /* Info.plist */,
				784E3B771D64F1A7004431A1 /* PlayerView.swift */,
			);
			path = NotificationViewController;
			sourceTree = "<group>";
		};
		78E4BD831D5B76AD007579BB /* VideoContentNotification */ = {
			isa = PBXGroup;
			children = (
				78E4BD841D5B76AD007579BB /* AnimatedNotificationViewController.swift */,
				78E4BD861D5B76AD007579BB /* AnimatedMainInterface.storyboard */,
				78E4BD891D5B76AD007579BB /* Info.plist */,
			);
			path = VideoContentNotification;
			sourceTree = "<group>";
		};
		78F6067D1D174018003E72B1 /* Resources */ = {
			isa = PBXGroup;
			children = (
				78E4BD901D5BA46C007579BB /* will.mov */,
				78E4BD921D5C0D33007579BB /* testing.m4a */,
				78F606821D175462003E72B1 /* datboi.gif */,
				78F606831D175462003E72B1 /* datboi.png */,
			);
			name = Resources;
			sourceTree = "<group>";
		};
/* End PBXGroup section */

/* Begin PBXNativeTarget section */
		785315B91D10312700549478 /* NotificationsDemo */ = {
			isa = PBXNativeTarget;
			buildConfigurationList = 785315CC1D10312700549478 /* Build configuration list for PBXNativeTarget "NotificationsDemo" */;
			buildPhases = (
				785315B61D10312700549478 /* Sources */,
				785315B71D10312700549478 /* Frameworks */,
				785315B81D10312700549478 /* Resources */,
				787D11A41D12FEAD009A7819 /* Embed App Extensions */,
			);
			buildRules = (
			);
			dependencies = (
				785CDD4C1D13C7BF00B4CDF3 /* PBXTargetDependency */,
				78E4BD8B1D5B76AD007579BB /* PBXTargetDependency */,
			);
			name = NotificationsDemo;
			productName = NotificationsDemo;
			productReference = 785315BA1D10312700549478 /* NotificationsDemo.app */;
			productType = "com.apple.product-type.application";
		};
		785CDD3D1D13C7BF00B4CDF3 /* NotificationViewController */ = {
			isa = PBXNativeTarget;
			buildConfigurationList = 785CDD4E1D13C7C000B4CDF3 /* Build configuration list for PBXNativeTarget "NotificationViewController" */;
			buildPhases = (
				785CDD3A1D13C7BF00B4CDF3 /* Sources */,
				785CDD3B1D13C7BF00B4CDF3 /* Frameworks */,
				785CDD3C1D13C7BF00B4CDF3 /* Resources */,
			);
			buildRules = (
			);
			dependencies = (
			);
			name = NotificationViewController;
			productName = NotificationViewController;
			productReference = 785CDD3E1D13C7BF00B4CDF3 /* NotificationViewController.appex */;
			productType = "com.apple.product-type.app-extension";
		};
		78E4BD7F1D5B76AD007579BB /* VideoContentNotification */ = {
			isa = PBXNativeTarget;
			buildConfigurationList = 78E4BD8F1D5B76AD007579BB /* Build configuration list for PBXNativeTarget "VideoContentNotification" */;
			buildPhases = (
				78E4BD7C1D5B76AD007579BB /* Sources */,
				78E4BD7D1D5B76AD007579BB /* Frameworks */,
				78E4BD7E1D5B76AD007579BB /* Resources */,
			);
			buildRules = (
			);
			dependencies = (
			);
			name = VideoContentNotification;
			productName = VideoContentNotification;
			productReference = 78E4BD801D5B76AD007579BB /* VideoContentNotification.appex */;
			productType = "com.apple.product-type.app-extension";
		};
/* End PBXNativeTarget section */

/* Begin PBXProject section */
		785315B21D10312700549478 /* Project object */ = {
			isa = PBXProject;
			attributes = {
				LastSwiftUpdateCheck = 0800;
				LastUpgradeCheck = 0800;
				ORGANIZATIONNAME = "Will Ellis";
				TargetAttributes = {
					785315B91D10312700549478 = {
						CreatedOnToolsVersion = 8.0;
						DevelopmentTeam = 7385526RHE;
						DevelopmentTeamName = "Will Ellis (Personal Team)";
						ProvisioningStyle = Automatic;
					};
					785CDD3D1D13C7BF00B4CDF3 = {
						CreatedOnToolsVersion = 8.0;
						DevelopmentTeam = 7385526RHE;
						DevelopmentTeamName = "Will Ellis (Personal Team)";
						ProvisioningStyle = Automatic;
					};
					78E4BD7F1D5B76AD007579BB = {
						CreatedOnToolsVersion = 8.0;
						DevelopmentTeam = 7385526RHE;
						ProvisioningStyle = Automatic;
					};
				};
			};
			buildConfigurationList = 785315B51D10312700549478 /* Build configuration list for PBXProject "NotificationsDemo" */;
			compatibilityVersion = "Xcode 3.2";
			developmentRegion = English;
			hasScannedForEncodings = 0;
			knownRegions = (
				en,
				Base,
			);
			mainGroup = 785315B11D10312700549478;
			productRefGroup = 785315BB1D10312700549478 /* Products */;
			projectDirPath = "";
			projectRoot = "";
			targets = (
				785315B91D10312700549478 /* NotificationsDemo */,
				785CDD3D1D13C7BF00B4CDF3 /* NotificationViewController */,
				78E4BD7F1D5B76AD007579BB /* VideoContentNotification */,
			);
		};
/* End PBXProject section */

/* Begin PBXResourcesBuildPhase section */
		785315B81D10312700549478 /* Resources */ = {
			isa = PBXResourcesBuildPhase;
			buildActionMask = 2147483647;
			files = (
				78EA75821D5C0F05008B8893 /* testing.m4a in Resources */,
				78E4BD911D5BA46C007579BB /* will.mov in Resources */,
				785315C81D10312700549478 /* LaunchScreen.storyboard in Resources */,
				78F606841D175462003E72B1 /* datboi.gif in Resources */,
				785315C51D10312700549478 /* Assets.xcassets in Resources */,
				78F606861D175462003E72B1 /* datboi.png in Resources */,
				785315C31D10312700549478 /* Main.storyboard in Resources */,
			);
			runOnlyForDeploymentPostprocessing = 0;
		};
		785CDD3C1D13C7BF00B4CDF3 /* Resources */ = {
			isa = PBXResourcesBuildPhase;
			buildActionMask = 2147483647;
			files = (
				785CDD491D13C7BF00B4CDF3 /* MainInterface.storyboard in Resources */,
				78F606851D175462003E72B1 /* datboi.gif in Resources */,
				78F606871D175462003E72B1 /* datboi.png in Resources */,
			);
			runOnlyForDeploymentPostprocessing = 0;
		};
		78E4BD7E1D5B76AD007579BB /* Resources */ = {
			isa = PBXResourcesBuildPhase;
			buildActionMask = 2147483647;
			files = (
				78E4BD881D5B76AD007579BB /* AnimatedMainInterface.storyboard in Resources */,
			);
			runOnlyForDeploymentPostprocessing = 0;
		};
/* End PBXResourcesBuildPhase section */

/* Begin PBXSourcesBuildPhase section */
		785315B61D10312700549478 /* Sources */ = {
			isa = PBXSourcesBuildPhase;
			buildActionMask = 2147483647;
			files = (
				785315C01D10312700549478 /* ViewController.swift in Sources */,
				785315BE1D10312700549478 /* AppDelegate.swift in Sources */,
				785CDD521D14634400B4CDF3 /* URLSession+NotificationsDemo.swift in Sources */,
				785CDD381D13947F00B4CDF3 /* Constants.swift in Sources */,
			);
			runOnlyForDeploymentPostprocessing = 0;
		};
		785CDD3A1D13C7BF00B4CDF3 /* Sources */ = {
			isa = PBXSourcesBuildPhase;
			buildActionMask = 2147483647;
			files = (
				785CDD461D13C7BF00B4CDF3 /* NotificationViewController.swift in Sources */,
				785CDD531D1475A300B4CDF3 /* Constants.swift in Sources */,
				785CDD541D1475BE00B4CDF3 /* URLSession+NotificationsDemo.swift in Sources */,
				784E3B781D64F1A7004431A1 /* PlayerView.swift in Sources */,
			);
			runOnlyForDeploymentPostprocessing = 0;
		};
		78E4BD7C1D5B76AD007579BB /* Sources */ = {
			isa = PBXSourcesBuildPhase;
			buildActionMask = 2147483647;
			files = (
				78E4BD851D5B76AD007579BB /* AnimatedNotificationViewController.swift in Sources */,
				784E3B791D65DDF5004431A1 /* Constants.swift in Sources */,
			);
			runOnlyForDeploymentPostprocessing = 0;
		};
/* End PBXSourcesBuildPhase section */

/* Begin PBXTargetDependency section */
		785CDD4C1D13C7BF00B4CDF3 /* PBXTargetDependency */ = {
			isa = PBXTargetDependency;
			target = 785CDD3D1D13C7BF00B4CDF3 /* NotificationViewController */;
			targetProxy = 785CDD4B1D13C7BF00B4CDF3 /* PBXContainerItemProxy */;
		};
		78E4BD8B1D5B76AD007579BB /* PBXTargetDependency */ = {
			isa = PBXTargetDependency;
			target = 78E4BD7F1D5B76AD007579BB /* VideoContentNotification */;
			targetProxy = 78E4BD8A1D5B76AD007579BB /* PBXContainerItemProxy */;
		};
/* End PBXTargetDependency section */

/* Begin PBXVariantGroup section */
		785315C11D10312700549478 /* Main.storyboard */ = {
			isa = PBXVariantGroup;
			children = (
				785315C21D10312700549478 /* Base */,
			);
			name = Main.storyboard;
			sourceTree = "<group>";
		};
		785315C61D10312700549478 /* LaunchScreen.storyboard */ = {
			isa = PBXVariantGroup;
			children = (
				785315C71D10312700549478 /* Base */,
			);
			name = LaunchScreen.storyboard;
			sourceTree = "<group>";
		};
		785CDD471D13C7BF00B4CDF3 /* MainInterface.storyboard */ = {
			isa = PBXVariantGroup;
			children = (
				785CDD481D13C7BF00B4CDF3 /* Base */,
			);
			name = MainInterface.storyboard;
			sourceTree = "<group>";
		};
		78E4BD861D5B76AD007579BB /* AnimatedMainInterface.storyboard */ = {
			isa = PBXVariantGroup;
			children = (
				78E4BD871D5B76AD007579BB /* Base */,
			);
			name = AnimatedMainInterface.storyboard;
			sourceTree = "<group>";
		};
/* End PBXVariantGroup section */

/* Begin XCBuildConfiguration section */
		785315CA1D10312700549478 /* Debug */ = {
			isa = XCBuildConfiguration;
			buildSettings = {
				ALWAYS_SEARCH_USER_PATHS = NO;
				CLANG_ANALYZER_NONNULL = YES;
				CLANG_CXX_LANGUAGE_STANDARD = "gnu++0x";
				CLANG_CXX_LIBRARY = "libc++";
				CLANG_ENABLE_MODULES = YES;
				CLANG_ENABLE_OBJC_ARC = YES;
				CLANG_WARN_BOOL_CONVERSION = YES;
				CLANG_WARN_CONSTANT_CONVERSION = YES;
				CLANG_WARN_DIRECT_OBJC_ISA_USAGE = YES_ERROR;
				CLANG_WARN_DOCUMENTATION_COMMENTS = YES;
				CLANG_WARN_EMPTY_BODY = YES;
				CLANG_WARN_ENUM_CONVERSION = YES;
				CLANG_WARN_INT_CONVERSION = YES;
				CLANG_WARN_OBJC_ROOT_CLASS = YES_ERROR;
				CLANG_WARN_UNREACHABLE_CODE = YES;
				CLANG_WARN__DUPLICATE_METHOD_MATCH = YES;
				"CODE_SIGN_IDENTITY[sdk=iphoneos*]" = "iPhone Developer";
				COPY_PHASE_STRIP = NO;
				DEBUG_INFORMATION_FORMAT = dwarf;
				ENABLE_STRICT_OBJC_MSGSEND = YES;
				ENABLE_TESTABILITY = YES;
				GCC_C_LANGUAGE_STANDARD = gnu99;
				GCC_DYNAMIC_NO_PIC = NO;
				GCC_NO_COMMON_BLOCKS = YES;
				GCC_OPTIMIZATION_LEVEL = 0;
				GCC_PREPROCESSOR_DEFINITIONS = (
					"DEBUG=1",
					"$(inherited)",
				);
				GCC_WARN_64_TO_32_BIT_CONVERSION = YES;
				GCC_WARN_ABOUT_RETURN_TYPE = YES_ERROR;
				GCC_WARN_UNDECLARED_SELECTOR = YES;
				GCC_WARN_UNINITIALIZED_AUTOS = YES_AGGRESSIVE;
				GCC_WARN_UNUSED_FUNCTION = YES;
				GCC_WARN_UNUSED_VARIABLE = YES;
				IPHONEOS_DEPLOYMENT_TARGET = 10.0;
				MTL_ENABLE_DEBUG_INFO = YES;
				ONLY_ACTIVE_ARCH = YES;
				SDKROOT = iphoneos;
				SWIFT_ACTIVE_COMPILATION_CONDITIONS = DEBUG;
				SWIFT_OPTIMIZATION_LEVEL = "-Onone";
				TARGETED_DEVICE_FAMILY = "1,2";
			};
			name = Debug;
		};
		785315CB1D10312700549478 /* Release */ = {
			isa = XCBuildConfiguration;
			buildSettings = {
				ALWAYS_SEARCH_USER_PATHS = NO;
				CLANG_ANALYZER_NONNULL = YES;
				CLANG_CXX_LANGUAGE_STANDARD = "gnu++0x";
				CLANG_CXX_LIBRARY = "libc++";
				CLANG_ENABLE_MODULES = YES;
				CLANG_ENABLE_OBJC_ARC = YES;
				CLANG_WARN_BOOL_CONVERSION = YES;
				CLANG_WARN_CONSTANT_CONVERSION = YES;
				CLANG_WARN_DIRECT_OBJC_ISA_USAGE = YES_ERROR;
				CLANG_WARN_DOCUMENTATION_COMMENTS = YES;
				CLANG_WARN_EMPTY_BODY = YES;
				CLANG_WARN_ENUM_CONVERSION = YES;
				CLANG_WARN_INT_CONVERSION = YES;
				CLANG_WARN_OBJC_ROOT_CLASS = YES_ERROR;
				CLANG_WARN_UNREACHABLE_CODE = YES;
				CLANG_WARN__DUPLICATE_METHOD_MATCH = YES;
				"CODE_SIGN_IDENTITY[sdk=iphoneos*]" = "iPhone Developer";
				COPY_PHASE_STRIP = NO;
				DEBUG_INFORMATION_FORMAT = "dwarf-with-dsym";
				ENABLE_NS_ASSERTIONS = NO;
				ENABLE_STRICT_OBJC_MSGSEND = YES;
				GCC_C_LANGUAGE_STANDARD = gnu99;
				GCC_NO_COMMON_BLOCKS = YES;
				GCC_WARN_64_TO_32_BIT_CONVERSION = YES;
				GCC_WARN_ABOUT_RETURN_TYPE = YES_ERROR;
				GCC_WARN_UNDECLARED_SELECTOR = YES;
				GCC_WARN_UNINITIALIZED_AUTOS = YES_AGGRESSIVE;
				GCC_WARN_UNUSED_FUNCTION = YES;
				GCC_WARN_UNUSED_VARIABLE = YES;
				IPHONEOS_DEPLOYMENT_TARGET = 10.0;
				MTL_ENABLE_DEBUG_INFO = NO;
				SDKROOT = iphoneos;
				SWIFT_OPTIMIZATION_LEVEL = "-Owholemodule";
				TARGETED_DEVICE_FAMILY = "1,2";
				VALIDATE_PRODUCT = YES;
			};
			name = Release;
		};
		785315CD1D10312700549478 /* Debug */ = {
			isa = XCBuildConfiguration;
			buildSettings = {
				ALWAYS_EMBED_SWIFT_STANDARD_LIBRARIES = YES;
				ASSETCATALOG_COMPILER_APPICON_NAME = AppIcon;
				INFOPLIST_FILE = NotificationsDemo/Info.plist;
				LD_RUNPATH_SEARCH_PATHS = "$(inherited) @executable_path/Frameworks";
				PRODUCT_BUNDLE_IDENTIFIER = com.willowtreeapps.NotificationsDemo;
				PRODUCT_NAME = "$(TARGET_NAME)";
				SWIFT_VERSION = 3.0;
			};
			name = Debug;
		};
		785315CE1D10312700549478 /* Release */ = {
			isa = XCBuildConfiguration;
			buildSettings = {
				ALWAYS_EMBED_SWIFT_STANDARD_LIBRARIES = YES;
				ASSETCATALOG_COMPILER_APPICON_NAME = AppIcon;
				INFOPLIST_FILE = NotificationsDemo/Info.plist;
				LD_RUNPATH_SEARCH_PATHS = "$(inherited) @executable_path/Frameworks";
				PRODUCT_BUNDLE_IDENTIFIER = com.willowtreeapps.NotificationsDemo;
				PRODUCT_NAME = "$(TARGET_NAME)";
				SWIFT_VERSION = 3.0;
			};
			name = Release;
		};
		785CDD4F1D13C7C000B4CDF3 /* Debug */ = {
			isa = XCBuildConfiguration;
			buildSettings = {
				INFOPLIST_FILE = NotificationViewController/Info.plist;
				LD_RUNPATH_SEARCH_PATHS = "$(inherited) @executable_path/Frameworks @executable_path/../../Frameworks";
				PRODUCT_BUNDLE_IDENTIFIER = com.willowtreeapps.NotificationsDemo.NotificationViewController;
				PRODUCT_NAME = "$(TARGET_NAME)";
				SKIP_INSTALL = YES;
				SWIFT_VERSION = 3.0;
			};
			name = Debug;
		};
		785CDD501D13C7C000B4CDF3 /* Release */ = {
			isa = XCBuildConfiguration;
			buildSettings = {
				INFOPLIST_FILE = NotificationViewController/Info.plist;
				LD_RUNPATH_SEARCH_PATHS = "$(inherited) @executable_path/Frameworks @executable_path/../../Frameworks";
				PRODUCT_BUNDLE_IDENTIFIER = com.willowtreeapps.NotificationsDemo.NotificationViewController;
				PRODUCT_NAME = "$(TARGET_NAME)";
				SKIP_INSTALL = YES;
				SWIFT_VERSION = 3.0;
			};
			name = Release;
		};
		78E4BD8D1D5B76AD007579BB /* Debug */ = {
			isa = XCBuildConfiguration;
			buildSettings = {
				CLANG_WARN_INFINITE_RECURSION = YES;
				CLANG_WARN_SUSPICIOUS_MOVES = YES;
				DEVELOPMENT_TEAM = 7385526RHE;
				INFOPLIST_FILE = VideoContentNotification/Info.plist;
				LD_RUNPATH_SEARCH_PATHS = "$(inherited) @executable_path/Frameworks @executable_path/../../Frameworks";
				PRODUCT_BUNDLE_IDENTIFIER = com.willowtreeapps.NotificationsDemo.VideoContentNotification;
				PRODUCT_NAME = "$(TARGET_NAME)";
				SKIP_INSTALL = YES;
				SWIFT_VERSION = 3.0;
			};
			name = Debug;
		};
		78E4BD8E1D5B76AD007579BB /* Release */ = {
			isa = XCBuildConfiguration;
			buildSettings = {
				CLANG_WARN_INFINITE_RECURSION = YES;
				CLANG_WARN_SUSPICIOUS_MOVES = YES;
				DEVELOPMENT_TEAM = 7385526RHE;
				INFOPLIST_FILE = VideoContentNotification/Info.plist;
				LD_RUNPATH_SEARCH_PATHS = "$(inherited) @executable_path/Frameworks @executable_path/../../Frameworks";
				PRODUCT_BUNDLE_IDENTIFIER = com.willowtreeapps.NotificationsDemo.VideoContentNotification;
				PRODUCT_NAME = "$(TARGET_NAME)";
				SKIP_INSTALL = YES;
				SWIFT_VERSION = 3.0;
			};
			name = Release;
		};
/* End XCBuildConfiguration section */

/* Begin XCConfigurationList section */
		785315B51D10312700549478 /* Build configuration list for PBXProject "NotificationsDemo" */ = {
			isa = XCConfigurationList;
			buildConfigurations = (
				785315CA1D10312700549478 /* Debug */,
				785315CB1D10312700549478 /* Release */,
			);
			defaultConfigurationIsVisible = 0;
			defaultConfigurationName = Release;
		};
		785315CC1D10312700549478 /* Build configuration list for PBXNativeTarget "NotificationsDemo" */ = {
			isa = XCConfigurationList;
			buildConfigurations = (
				785315CD1D10312700549478 /* Debug */,
				785315CE1D10312700549478 /* Release */,
			);
			defaultConfigurationIsVisible = 0;
			defaultConfigurationName = Release;
		};
		785CDD4E1D13C7C000B4CDF3 /* Build configuration list for PBXNativeTarget "NotificationViewController" */ = {
			isa = XCConfigurationList;
			buildConfigurations = (
				785CDD4F1D13C7C000B4CDF3 /* Debug */,
				785CDD501D13C7C000B4CDF3 /* Release */,
			);
			defaultConfigurationIsVisible = 0;
			defaultConfigurationName = Release;
		};
		78E4BD8F1D5B76AD007579BB /* Build configuration list for PBXNativeTarget "VideoContentNotification" */ = {
			isa = XCConfigurationList;
			buildConfigurations = (
				78E4BD8D1D5B76AD007579BB /* Debug */,
				78E4BD8E1D5B76AD007579BB /* Release */,
			);
			defaultConfigurationIsVisible = 0;
			defaultConfigurationName = Release;
		};
/* End XCConfigurationList section */
	};
	rootObject = 785315B21D10312700549478 /* Project object */;
}
